// !$*UTF8*$!
{
	archiveVersion = 1;
	classes = {
	};
	objectVersion = 46;
	objects = {

/* Begin PBXBuildFile section */
		AC51D77C1E9D5FFA006D99AA /* NamesAndAnimals.framework in Frameworks */ = {isa = PBXBuildFile; fileRef = AC51D7721E9D5FFA006D99AA /* NamesAndAnimals.framework */; };
		AC51D7811E9D5FFA006D99AA /* NamesAndAnimalsTests.swift in Sources */ = {isa = PBXBuildFile; fileRef = AC51D7801E9D5FFA006D99AA /* NamesAndAnimalsTests.swift */; };
		AC51D7831E9D5FFA006D99AA /* NamesAndAnimals.h in Headers */ = {isa = PBXBuildFile; fileRef = AC51D7751E9D5FFA006D99AA /* NamesAndAnimals.h */; settings = {ATTRIBUTES = (Public, ); }; };
		AC51D78D1E9D6015006D99AA /* MainController.swift in Sources */ = {isa = PBXBuildFile; fileRef = AC51D78C1E9D6015006D99AA /* MainController.swift */; };
/* End PBXBuildFile section */

/* Begin PBXContainerItemProxy section */
		AC51D77D1E9D5FFA006D99AA /* PBXContainerItemProxy */ = {
			isa = PBXContainerItemProxy;
			containerPortal = AC51D7691E9D5FFA006D99AA /* Project object */;
			proxyType = 1;
			remoteGlobalIDString = AC51D7711E9D5FFA006D99AA;
			remoteInfo = NamesAndAnimals;
		};
/* End PBXContainerItemProxy section */

/* Begin PBXFileReference section */
		AC51D7721E9D5FFA006D99AA /* NamesAndAnimals.framework */ = {isa = PBXFileReference; explicitFileType = wrapper.framework; includeInIndex = 0; path = NamesAndAnimals.framework; sourceTree = BUILT_PRODUCTS_DIR; };
		AC51D7751E9D5FFA006D99AA /* NamesAndAnimals.h */ = {isa = PBXFileReference; lastKnownFileType = sourcecode.c.h; path = NamesAndAnimals.h; sourceTree = "<group>"; };
		AC51D7761E9D5FFA006D99AA /* Info.plist */ = {isa = PBXFileReference; lastKnownFileType = text.plist.xml; path = Info.plist; sourceTree = "<group>"; };
		AC51D77B1E9D5FFA006D99AA /* NamesAndAnimalsTests.xctest */ = {isa = PBXFileReference; explicitFileType = wrapper.cfbundle; includeInIndex = 0; path = NamesAndAnimalsTests.xctest; sourceTree = BUILT_PRODUCTS_DIR; };
		AC51D7801E9D5FFA006D99AA /* NamesAndAnimalsTests.swift */ = {isa = PBXFileReference; lastKnownFileType = sourcecode.swift; path = NamesAndAnimalsTests.swift; sourceTree = "<group>"; };
		AC51D7821E9D5FFA006D99AA /* Info.plist */ = {isa = PBXFileReference; lastKnownFileType = text.plist.xml; path = Info.plist; sourceTree = "<group>"; };
		AC51D78C1E9D6015006D99AA /* MainController.swift */ = {isa = PBXFileReference; fileEncoding = 4; lastKnownFileType = sourcecode.swift; path = MainController.swift; sourceTree = "<group>"; };
/* End PBXFileReference section */

/* Begin PBXFrameworksBuildPhase section */
		AC51D76E1E9D5FFA006D99AA /* Frameworks */ = {
			isa = PBXFrameworksBuildPhase;
			buildActionMask = 2147483647;
			files = (
			);
			runOnlyForDeploymentPostprocessing = 0;
		};
		AC51D7781E9D5FFA006D99AA /* Frameworks */ = {
			isa = PBXFrameworksBuildPhase;
			buildActionMask = 2147483647;
			files = (
				AC51D77C1E9D5FFA006D99AA /* NamesAndAnimals.framework in Frameworks */,
			);
			runOnlyForDeploymentPostprocessing = 0;
		};
/* End PBXFrameworksBuildPhase section */

/* Begin PBXGroup section */
		AC51D7681E9D5FFA006D99AA = {
			isa = PBXGroup;
			children = (
				AC51D7741E9D5FFA006D99AA /* NamesAndAnimals */,
				AC51D77F1E9D5FFA006D99AA /* NamesAndAnimalsTests */,
				AC51D7731E9D5FFA006D99AA /* Products */,
			);
			sourceTree = "<group>";
		};
		AC51D7731E9D5FFA006D99AA /* Products */ = {
			isa = PBXGroup;
			children = (
				AC51D7721E9D5FFA006D99AA /* NamesAndAnimals.framework */,
				AC51D77B1E9D5FFA006D99AA /* NamesAndAnimalsTests.xctest */,
			);
			name = Products;
			sourceTree = "<group>";
		};
		AC51D7741E9D5FFA006D99AA /* NamesAndAnimals */ = {
			isa = PBXGroup;
			children = (
				AC51D7751E9D5FFA006D99AA /* NamesAndAnimals.h */,
				AC51D78C1E9D6015006D99AA /* MainController.swift */,
				AC51D7761E9D5FFA006D99AA /* Info.plist */,
			);
			path = NamesAndAnimals;
			sourceTree = "<group>";
		};
		AC51D77F1E9D5FFA006D99AA /* NamesAndAnimalsTests */ = {
			isa = PBXGroup;
			children = (
				AC51D7801E9D5FFA006D99AA /* NamesAndAnimalsTests.swift */,
				AC51D7821E9D5FFA006D99AA /* Info.plist */,
			);
			path = NamesAndAnimalsTests;
			sourceTree = "<group>";
		};
/* End PBXGroup section */

/* Begin PBXHeadersBuildPhase section */
		AC51D76F1E9D5FFA006D99AA /* Headers */ = {
			isa = PBXHeadersBuildPhase;
			buildActionMask = 2147483647;
			files = (
				AC51D7831E9D5FFA006D99AA /* NamesAndAnimals.h in Headers */,
			);
			runOnlyForDeploymentPostprocessing = 0;
		};
/* End PBXHeadersBuildPhase section */

/* Begin PBXNativeTarget section */
		AC51D7711E9D5FFA006D99AA /* NamesAndAnimals */ = {
			isa = PBXNativeTarget;
			buildConfigurationList = AC51D7861E9D5FFA006D99AA /* Build configuration list for PBXNativeTarget "NamesAndAnimals" */;
			buildPhases = (
				AC51D76D1E9D5FFA006D99AA /* Sources */,
				AC51D76E1E9D5FFA006D99AA /* Frameworks */,
				AC51D76F1E9D5FFA006D99AA /* Headers */,
				AC51D7701E9D5FFA006D99AA /* Resources */,
			);
			buildRules = (
			);
			dependencies = (
			);
			name = NamesAndAnimals;
			productName = NamesAndAnimals;
			productReference = AC51D7721E9D5FFA006D99AA /* NamesAndAnimals.framework */;
			productType = "com.apple.product-type.framework";
		};
		AC51D77A1E9D5FFA006D99AA /* NamesAndAnimalsTests */ = {
			isa = PBXNativeTarget;
			buildConfigurationList = AC51D7891E9D5FFA006D99AA /* Build configuration list for PBXNativeTarget "NamesAndAnimalsTests" */;
			buildPhases = (
				AC51D7771E9D5FFA006D99AA /* Sources */,
				AC51D7781E9D5FFA006D99AA /* Frameworks */,
				AC51D7791E9D5FFA006D99AA /* Resources */,
			);
			buildRules = (
			);
			dependencies = (
				AC51D77E1E9D5FFA006D99AA /* PBXTargetDependency */,
			);
			name = NamesAndAnimalsTests;
			productName = NamesAndAnimalsTests;
			productReference = AC51D77B1E9D5FFA006D99AA /* NamesAndAnimalsTests.xctest */;
			productType = "com.apple.product-type.bundle.unit-test";
		};
/* End PBXNativeTarget section */

/* Begin PBXProject section */
		AC51D7691E9D5FFA006D99AA /* Project object */ = {
			isa = PBXProject;
			attributes = {
				LastSwiftUpdateCheck = 0830;
				LastUpgradeCheck = 0830;
				ORGANIZATIONNAME = MrAliGorithm;
				TargetAttributes = {
					AC51D7711E9D5FFA006D99AA = {
						CreatedOnToolsVersion = 8.3.1;
						DevelopmentTeam = U3FSDK5XFF;
						LastSwiftMigration = 0830;
						ProvisioningStyle = Automatic;
					};
					AC51D77A1E9D5FFA006D99AA = {
						CreatedOnToolsVersion = 8.3.1;
						DevelopmentTeam = U3FSDK5XFF;
						ProvisioningStyle = Automatic;
					};
				};
			};
			buildConfigurationList = AC51D76C1E9D5FFA006D99AA /* Build configuration list for PBXProject "NamesAndAnimals" */;
			compatibilityVersion = "Xcode 3.2";
			developmentRegion = English;
			hasScannedForEncodings = 0;
			knownRegions = (
				en,
			);
			mainGroup = AC51D7681E9D5FFA006D99AA;
			productRefGroup = AC51D7731E9D5FFA006D99AA /* Products */;
			projectDirPath = "";
			projectRoot = "";
			targets = (
				AC51D7711E9D5FFA006D99AA /* NamesAndAnimals */,
				AC51D77A1E9D5FFA006D99AA /* NamesAndAnimalsTests */,
			);
		};
/* End PBXProject section */

/* Begin PBXResourcesBuildPhase section */
		AC51D7701E9D5FFA006D99AA /* Resources */ = {
			isa = PBXResourcesBuildPhase;
			buildActionMask = 2147483647;
			files = (
			);
			runOnlyForDeploymentPostprocessing = 0;
		};
		AC51D7791E9D5FFA006D99AA /* Resources */ = {
			isa = PBXResourcesBuildPhase;
			buildActionMask = 2147483647;
			files = (
			);
			runOnlyForDeploymentPostprocessing = 0;
		};
/* End PBXResourcesBuildPhase section */

/* Begin PBXSourcesBuildPhase section */
		AC51D76D1E9D5FFA006D99AA /* Sources */ = {
			isa = PBXSourcesBuildPhase;
			buildActionMask = 2147483647;
			files = (
				AC51D78D1E9D6015006D99AA /* MainController.swift in Sources */,
			);
			runOnlyForDeploymentPostprocessing = 0;
		};
		AC51D7771E9D5FFA006D99AA /* Sources */ = {
			isa = PBXSourcesBuildPhase;
			buildActionMask = 2147483647;
			files = (
				AC51D7811E9D5FFA006D99AA /* NamesAndAnimalsTests.swift in Sources */,
			);
			runOnlyForDeploymentPostprocessing = 0;
		};
/* End PBXSourcesBuildPhase section */

/* Begin PBXTargetDependency section */
		AC51D77E1E9D5FFA006D99AA /* PBXTargetDependency */ = {
			isa = PBXTargetDependency;
			target = AC51D7711E9D5FFA006D99AA /* NamesAndAnimals */;
			targetProxy = AC51D77D1E9D5FFA006D99AA /* PBXContainerItemProxy */;
		};
/* End PBXTargetDependency section */

/* Begin XCBuildConfiguration section */
		AC51D7841E9D5FFA006D99AA /* Debug */ = {
			isa = XCBuildConfiguration;
			buildSettings = {
				ALWAYS_SEARCH_USER_PATHS = NO;
				CLANG_ANALYZER_NONNULL = YES;
				CLANG_ANALYZER_NUMBER_OBJECT_CONVERSION = YES_AGGRESSIVE;
				CLANG_CXX_LANGUAGE_STANDARD = "gnu++0x";
				CLANG_CXX_LIBRARY = "libc++";
				CLANG_ENABLE_MODULES = YES;
				CLANG_ENABLE_OBJC_ARC = YES;
				CLANG_WARN_BOOL_CONVERSION = YES;
				CLANG_WARN_CONSTANT_CONVERSION = YES;
				CLANG_WARN_DIRECT_OBJC_ISA_USAGE = YES_ERROR;
				CLANG_WARN_DOCUMENTATION_COMMENTS = YES;
				CLANG_WARN_EMPTY_BODY = YES;
				CLANG_WARN_ENUM_CONVERSION = YES;
				CLANG_WARN_INFINITE_RECURSION = YES;
				CLANG_WARN_INT_CONVERSION = YES;
				CLANG_WARN_OBJC_ROOT_CLASS = YES_ERROR;
				CLANG_WARN_SUSPICIOUS_MOVE = YES;
				CLANG_WARN_UNREACHABLE_CODE = YES;
				CLANG_WARN__DUPLICATE_METHOD_MATCH = YES;
				"CODE_SIGN_IDENTITY[sdk=iphoneos*]" = "iPhone Developer";
				COPY_PHASE_STRIP = NO;
				CURRENT_PROJECT_VERSION = 1;
				DEBUG_INFORMATION_FORMAT = dwarf;
				ENABLE_STRICT_OBJC_MSGSEND = YES;
				ENABLE_TESTABILITY = YES;
				GCC_C_LANGUAGE_STANDARD = gnu99;
				GCC_DYNAMIC_NO_PIC = NO;
				GCC_NO_COMMON_BLOCKS = YES;
				GCC_OPTIMIZATION_LEVEL = 0;
				GCC_PREPROCESSOR_DEFINITIONS = (
					"DEBUG=1",
					"$(inherited)",
				);
				GCC_WARN_64_TO_32_BIT_CONVERSION = YES;
				GCC_WARN_ABOUT_RETURN_TYPE = YES_ERROR;
				GCC_WARN_UNDECLARED_SELECTOR = YES;
				GCC_WARN_UNINITIALIZED_AUTOS = YES_AGGRESSIVE;
				GCC_WARN_UNUSED_FUNCTION = YES;
				GCC_WARN_UNUSED_VARIABLE = YES;
				IPHONEOS_DEPLOYMENT_TARGET = 10.3;
				MTL_ENABLE_DEBUG_INFO = YES;
				ONLY_ACTIVE_ARCH = YES;
				SDKROOT = iphoneos;
				SWIFT_ACTIVE_COMPILATION_CONDITIONS = DEBUG;
				SWIFT_OPTIMIZATION_LEVEL = "-Onone";
				TARGETED_DEVICE_FAMILY = "1,2";
				VERSIONING_SYSTEM = "apple-generic";
				VERSION_INFO_PREFIX = "";
			};
			name = Debug;
		};
		AC51D7851E9D5FFA006D99AA /* Release */ = {
			isa = XCBuildConfiguration;
			buildSettings = {
				ALWAYS_SEARCH_USER_PATHS = NO;
				CLANG_ANALYZER_NONNULL = YES;
				CLANG_ANALYZER_NUMBER_OBJECT_CONVERSION = YES_AGGRESSIVE;
				CLANG_CXX_LANGUAGE_STANDARD = "gnu++0x";
				CLANG_CXX_LIBRARY = "libc++";
				CLANG_ENABLE_MODULES = YES;
				CLANG_ENABLE_OBJC_ARC = YES;
				CLANG_WARN_BOOL_CONVERSION = YES;
				CLANG_WARN_CONSTANT_CONVERSION = YES;
				CLANG_WARN_DIRECT_OBJC_ISA_USAGE = YES_ERROR;
				CLANG_WARN_DOCUMENTATION_COMMENTS = YES;
				CLANG_WARN_EMPTY_BODY = YES;
				CLANG_WARN_ENUM_CONVERSION = YES;
				CLANG_WARN_INFINITE_RECURSION = YES;
				CLANG_WARN_INT_CONVERSION = YES;
				CLANG_WARN_OBJC_ROOT_CLASS = YES_ERROR;
				CLANG_WARN_SUSPICIOUS_MOVE = YES;
				CLANG_WARN_UNREACHABLE_CODE = YES;
				CLANG_WARN__DUPLICATE_METHOD_MATCH = YES;
				"CODE_SIGN_IDENTITY[sdk=iphoneos*]" = "iPhone Developer";
				COPY_PHASE_STRIP = NO;
				CURRENT_PROJECT_VERSION = 1;
				DEBUG_INFORMATION_FORMAT = "dwarf-with-dsym";
				ENABLE_NS_ASSERTIONS = NO;
				ENABLE_STRICT_OBJC_MSGSEND = YES;
				GCC_C_LANGUAGE_STANDARD = gnu99;
				GCC_NO_COMMON_BLOCKS = YES;
				GCC_WARN_64_TO_32_BIT_CONVERSION = YES;
				GCC_WARN_ABOUT_RETURN_TYPE = YES_ERROR;
				GCC_WARN_UNDECLARED_SELECTOR = YES;
				GCC_WARN_UNINITIALIZED_AUTOS = YES_AGGRESSIVE;
				GCC_WARN_UNUSED_FUNCTION = YES;
				GCC_WARN_UNUSED_VARIABLE = YES;
				IPHONEOS_DEPLOYMENT_TARGET = 10.3;
				MTL_ENABLE_DEBUG_INFO = NO;
				SDKROOT = iphoneos;
				SWIFT_OPTIMIZATION_LEVEL = "-Owholemodule";
				TARGETED_DEVICE_FAMILY = "1,2";
				VALIDATE_PRODUCT = YES;
				VERSIONING_SYSTEM = "apple-generic";
				VERSION_INFO_PREFIX = "";
			};
			name = Release;
		};
		AC51D7871E9D5FFA006D99AA /* Debug */ = {
			isa = XCBuildConfiguration;
			buildSettings = {
				CLANG_ENABLE_MODULES = YES;
				CODE_SIGN_IDENTITY = "";
				DEFINES_MODULE = YES;
				DEVELOPMENT_TEAM = U3FSDK5XFF;
				DYLIB_COMPATIBILITY_VERSION = 1;
				DYLIB_CURRENT_VERSION = 1;
				DYLIB_INSTALL_NAME_BASE = "@rpath";
				INFOPLIST_FILE = NamesAndAnimals/Info.plist;
				INSTALL_PATH = "$(LOCAL_LIBRARY_DIR)/Frameworks";
				LD_RUNPATH_SEARCH_PATHS = "$(inherited) @executable_path/Frameworks @loader_path/Frameworks";
				PRODUCT_BUNDLE_IDENTIFIER = com.app.NamesAndAnimals;
				PRODUCT_NAME = "$(TARGET_NAME)";
				SKIP_INSTALL = YES;
				SWIFT_OPTIMIZATION_LEVEL = "-Onone";
				SWIFT_VERSION = 3.0;
			};
			name = Debug;
		};
		AC51D7881E9D5FFA006D99AA /* Release */ = {
			isa = XCBuildConfiguration;
			buildSettings = {
				CLANG_ENABLE_MODULES = YES;
				CODE_SIGN_IDENTITY = "";
				DEFINES_MODULE = YES;
				DEVELOPMENT_TEAM = U3FSDK5XFF;
				DYLIB_COMPATIBILITY_VERSION = 1;
				DYLIB_CURRENT_VERSION = 1;
				DYLIB_INSTALL_NAME_BASE = "@rpath";
				INFOPLIST_FILE = NamesAndAnimals/Info.plist;
				INSTALL_PATH = "$(LOCAL_LIBRARY_DIR)/Frameworks";
				LD_RUNPATH_SEARCH_PATHS = "$(inherited) @executable_path/Frameworks @loader_path/Frameworks";
				PRODUCT_BUNDLE_IDENTIFIER = com.app.NamesAndAnimals;
				PRODUCT_NAME = "$(TARGET_NAME)";
				SKIP_INSTALL = YES;
				SWIFT_VERSION = 3.0;
			};
			name = Release;
		};
		AC51D78A1E9D5FFA006D99AA /* Debug */ = {
			isa = XCBuildConfiguration;
			buildSettings = {
				ALWAYS_EMBED_SWIFT_STANDARD_LIBRARIES = YES;
				DEVELOPMENT_TEAM = U3FSDK5XFF;
				INFOPLIST_FILE = NamesAndAnimalsTests/Info.plist;
				LD_RUNPATH_SEARCH_PATHS = "$(inherited) @executable_path/Frameworks @loader_path/Frameworks";
				PRODUCT_BUNDLE_IDENTIFIER = com.app.NamesAndAnimalsTests;
				PRODUCT_NAME = "$(TARGET_NAME)";
				SWIFT_VERSION = 3.0;
			};
			name = Debug;
		};
		AC51D78B1E9D5FFA006D99AA /* Release */ = {
			isa = XCBuildConfiguration;
			buildSettings = {
				ALWAYS_EMBED_SWIFT_STANDARD_LIBRARIES = YES;
				DEVELOPMENT_TEAM = U3FSDK5XFF;
				INFOPLIST_FILE = NamesAndAnimalsTests/Info.plist;
				LD_RUNPATH_SEARCH_PATHS = "$(inherited) @executable_path/Frameworks @loader_path/Frameworks";
				PRODUCT_BUNDLE_IDENTIFIER = com.app.NamesAndAnimalsTests;
				PRODUCT_NAME = "$(TARGET_NAME)";
				SWIFT_VERSION = 3.0;
			};
			name = Release;
		};
/* End XCBuildConfiguration section */

/* Begin XCConfigurationList section */
		AC51D76C1E9D5FFA006D99AA /* Build configuration list for PBXProject "NamesAndAnimals" */ = {
			isa = XCConfigurationList;
			buildConfigurations = (
				AC51D7841E9D5FFA006D99AA /* Debug */,
				AC51D7851E9D5FFA006D99AA /* Release */,
			);
			defaultConfigurationIsVisible = 0;
			defaultConfigurationName = Release;
		};
		AC51D7861E9D5FFA006D99AA /* Build configuration list for PBXNativeTarget "NamesAndAnimals" */ = {
			isa = XCConfigurationList;
			buildConfigurations = (
				AC51D7871E9D5FFA006D99AA /* Debug */,
				AC51D7881E9D5FFA006D99AA /* Release */,
			);
			defaultConfigurationIsVisible = 0;
		};
		AC51D7891E9D5FFA006D99AA /* Build configuration list for PBXNativeTarget "NamesAndAnimalsTests" */ = {
			isa = XCConfigurationList;
			buildConfigurations = (
				AC51D78A1E9D5FFA006D99AA /* Debug */,
				AC51D78B1E9D5FFA006D99AA /* Release */,
			);
			defaultConfigurationIsVisible = 0;
		};
/* End XCConfigurationList section */
	};
	rootObject = AC51D7691E9D5FFA006D99AA /* Project object */;
}
